
Microsoft Visual Studio Solution File, Format Version 12.00
# Visual Studio 2015
Project("{FAE04EC0-301F-11D3-BF4B-00C04F79EFBC}") = "Rubix-Cube", "Rubix-Cube.csproj", "{002AB205-5934-0506-08DB-1CC9F0E006C2}"
EndProject
Project("{FAE04EC0-301F-11D3-BF4B-00C04F79EFBC}") = "Rubix-Cube.Editor", "Rubix-Cube.Editor.csproj", "{B7B72BA1-D03F-FEF4-849D-C8D7CDF37376}"
EndProject
Global
	GlobalSection(SolutionConfigurationPlatforms) = preSolution
		Debug|Any CPU = Debug|Any CPU
		Release|Any CPU = Release|Any CPU
	EndGlobalSection
	GlobalSection(ProjectConfigurationPlatforms) = postSolution
		{002AB205-5934-0506-08DB-1CC9F0E006C2}.Debug|Any CPU.ActiveCfg = Debug|Any CPU
		{002AB205-5934-0506-08DB-1CC9F0E006C2}.Debug|Any CPU.Build.0 = Debug|Any CPU
		{002AB205-5934-0506-08DB-1CC9F0E006C2}.Release|Any CPU.ActiveCfg = Release|Any CPU
		{002AB205-5934-0506-08DB-1CC9F0E006C2}.Release|Any CPU.Build.0 = Release|Any CPU
		{B7B72BA1-D03F-FEF4-849D-C8D7CDF37376}.Debug|Any CPU.ActiveCfg = Debug|Any CPU
		{B7B72BA1-D03F-FEF4-849D-C8D7CDF37376}.Debug|Any CPU.Build.0 = Debug|Any CPU
		{B7B72BA1-D03F-FEF4-849D-C8D7CDF37376}.Release|Any CPU.ActiveCfg = Release|Any CPU
		{B7B72BA1-D03F-FEF4-849D-C8D7CDF37376}.Release|Any CPU.Build.0 = Release|Any CPU
	EndGlobalSection
	GlobalSection(SolutionProperties) = preSolution
		HideSolutionNode = FALSE
	EndGlobalSection
EndGlobal
